
Microsoft Visual Studio Solution File, Format Version 12.00
# Visual Studio Version 16
VisualStudioVersion = 16.0.30225.117
MinimumVisualStudioVersion = 10.0.40219.1
Project("{FAE04EC0-301F-11D3-BF4B-00C04F79EFBC}") = "COMP123-M2020-Lesson11", "COMP123-M2020-Lesson11\COMP123-M2020-Lesson11.csproj", "{4D2D5DD2-1262-4D91-A544-B3745D609894}"
EndProject
Global
	GlobalSection(SolutionConfigurationPlatforms) = preSolution
		Debug|Any CPU = Debug|Any CPU
		Release|Any CPU = Release|Any CPU
	EndGlobalSection
	GlobalSection(ProjectConfigurationPlatforms) = postSolution
		{4D2D5DD2-1262-4D91-A544-B3745D609894}.Debug|Any CPU.ActiveCfg = Debug|Any CPU
		{4D2D5DD2-1262-4D91-A544-B3745D609894}.Debug|Any CPU.Build.0 = Debug|Any CPU
		{4D2D5DD2-1262-4D91-A544-B3745D609894}.Release|Any CPU.ActiveCfg = Release|Any CPU
		{4D2D5DD2-1262-4D91-A544-B3745D609894}.Release|Any CPU.Build.0 = Release|Any CPU
	EndGlobalSection
	GlobalSection(SolutionProperties) = preSolution
		HideSolutionNode = FALSE
	EndGlobalSection
	GlobalSection(ExtensibilityGlobals) = postSolution
		SolutionGuid = {EBFC3C8A-7682-45CB-A20D-557356DF2D72}
	EndGlobalSection
EndGlobal
